// !$*UTF8*$!
{
	archiveVersion = 1;
	classes = {
	};
	objectVersion = 56;
	objects = {

/* Begin PBXBuildFile section */
		A0AA3AD92A2504DE00BAD7B2 /* IMFetchTokenTask.swift in Sources */ = {isa = PBXBuildFile; fileRef = A0AA3AD82A2504DE00BAD7B2 /* IMFetchTokenTask.swift */; };
		A0AA3ADB2A2506B000BAD7B2 /* IMCreateDirectChatTask.swift in Sources */ = {isa = PBXBuildFile; fileRef = A0AA3ADA2A2506B000BAD7B2 /* IMCreateDirectChatTask.swift */; };
		A0AA3ADE2A25B04300BAD7B2 /* LoremSwiftum in Frameworks */ = {isa = PBXBuildFile; productRef = A0AA3ADD2A25B04300BAD7B2 /* LoremSwiftum */; };
		A0D9B4C72A22FBF700805670 /* IMKitWebchatDemoAppApp.swift in Sources */ = {isa = PBXBuildFile; fileRef = A0D9B4C62A22FBF700805670 /* IMKitWebchatDemoAppApp.swift */; };
		A0D9B4C92A22FBF700805670 /* ContentView.swift in Sources */ = {isa = PBXBuildFile; fileRef = A0D9B4C82A22FBF700805670 /* ContentView.swift */; };
		A0D9B4CB2A22FBF800805670 /* Assets.xcassets in Resources */ = {isa = PBXBuildFile; fileRef = A0D9B4CA2A22FBF800805670 /* Assets.xcassets */; };
		A0D9B4CF2A22FBF800805670 /* Preview Assets.xcassets in Resources */ = {isa = PBXBuildFile; fileRef = A0D9B4CE2A22FBF800805670 /* Preview Assets.xcassets */; };
		A0D9B4D82A236BF600805670 /* AppDelegate.swift in Sources */ = {isa = PBXBuildFile; fileRef = A0D9B4D72A236BF600805670 /* AppDelegate.swift */; };
		A0D9B4DA2A236C3100805670 /* WebViewController.swift in Sources */ = {isa = PBXBuildFile; fileRef = A0D9B4D92A236C3100805670 /* WebViewController.swift */; };
		A0D9B4DC2A236D0500805670 /* SceneDelegate.swift in Sources */ = {isa = PBXBuildFile; fileRef = A0D9B4DB2A236D0500805670 /* SceneDelegate.swift */; };
		A0D9B4DE2A23744B00805670 /* ViewController.swift in Sources */ = {isa = PBXBuildFile; fileRef = A0D9B4DD2A23744B00805670 /* ViewController.swift */; };
/* End PBXBuildFile section */

/* Begin PBXFileReference section */
		A0AA3AD82A2504DE00BAD7B2 /* IMFetchTokenTask.swift */ = {isa = PBXFileReference; lastKnownFileType = sourcecode.swift; path = IMFetchTokenTask.swift; sourceTree = "<group>"; };
		A0AA3ADA2A2506B000BAD7B2 /* IMCreateDirectChatTask.swift */ = {isa = PBXFileReference; lastKnownFileType = sourcecode.swift; path = IMCreateDirectChatTask.swift; sourceTree = "<group>"; };
		A0D9B4C32A22FBF700805670 /* IMKitWebchatDemoApp.app */ = {isa = PBXFileReference; explicitFileType = wrapper.application; includeInIndex = 0; path = IMKitWebchatDemoApp.app; sourceTree = BUILT_PRODUCTS_DIR; };
		A0D9B4C62A22FBF700805670 /* IMKitWebchatDemoAppApp.swift */ = {isa = PBXFileReference; lastKnownFileType = sourcecode.swift; path = IMKitWebchatDemoAppApp.swift; sourceTree = "<group>"; };
		A0D9B4C82A22FBF700805670 /* ContentView.swift */ = {isa = PBXFileReference; lastKnownFileType = sourcecode.swift; path = ContentView.swift; sourceTree = "<group>"; };
		A0D9B4CA2A22FBF800805670 /* Assets.xcassets */ = {isa = PBXFileReference; lastKnownFileType = folder.assetcatalog; path = Assets.xcassets; sourceTree = "<group>"; };
		A0D9B4CC2A22FBF800805670 /* IMKitWebchatDemoApp.entitlements */ = {isa = PBXFileReference; lastKnownFileType = text.plist.entitlements; path = IMKitWebchatDemoApp.entitlements; sourceTree = "<group>"; };
		A0D9B4CE2A22FBF800805670 /* Preview Assets.xcassets */ = {isa = PBXFileReference; lastKnownFileType = folder.assetcatalog; path = "Preview Assets.xcassets"; sourceTree = "<group>"; };
		A0D9B4D72A236BF600805670 /* AppDelegate.swift */ = {isa = PBXFileReference; lastKnownFileType = sourcecode.swift; path = AppDelegate.swift; sourceTree = "<group>"; };
		A0D9B4D92A236C3100805670 /* WebViewController.swift */ = {isa = PBXFileReference; lastKnownFileType = sourcecode.swift; path = WebViewController.swift; sourceTree = "<group>"; };
		A0D9B4DB2A236D0500805670 /* SceneDelegate.swift */ = {isa = PBXFileReference; lastKnownFileType = sourcecode.swift; path = SceneDelegate.swift; sourceTree = "<group>"; };
		A0D9B4DD2A23744B00805670 /* ViewController.swift */ = {isa = PBXFileReference; lastKnownFileType = sourcecode.swift; path = ViewController.swift; sourceTree = "<group>"; };
/* End PBXFileReference section */

/* Begin PBXFrameworksBuildPhase section */
		A0D9B4C02A22FBF700805670 /* Frameworks */ = {
			isa = PBXFrameworksBuildPhase;
			buildActionMask = 2147483647;
			files = (
				A0AA3ADE2A25B04300BAD7B2 /* LoremSwiftum in Frameworks */,
			);
			runOnlyForDeploymentPostprocessing = 0;
		};
/* End PBXFrameworksBuildPhase section */

/* Begin PBXGroup section */
		A0D9B4BA2A22FBF700805670 = {
			isa = PBXGroup;
			children = (
				A0D9B4C52A22FBF700805670 /* IMKitWebchatDemoApp */,
				A0D9B4C42A22FBF700805670 /* Products */,
			);
			sourceTree = "<group>";
		};
		A0D9B4C42A22FBF700805670 /* Products */ = {
			isa = PBXGroup;
			children = (
				A0D9B4C32A22FBF700805670 /* IMKitWebchatDemoApp.app */,
			);
			name = Products;
			sourceTree = "<group>";
		};
		A0D9B4C52A22FBF700805670 /* IMKitWebchatDemoApp */ = {
			isa = PBXGroup;
			children = (
				A0D9B4C62A22FBF700805670 /* IMKitWebchatDemoAppApp.swift */,
				A0D9B4C82A22FBF700805670 /* ContentView.swift */,
				A0D9B4CA2A22FBF800805670 /* Assets.xcassets */,
				A0D9B4CC2A22FBF800805670 /* IMKitWebchatDemoApp.entitlements */,
				A0D9B4CD2A22FBF800805670 /* Preview Content */,
				A0D9B4D72A236BF600805670 /* AppDelegate.swift */,
				A0D9B4D92A236C3100805670 /* WebViewController.swift */,
				A0D9B4DB2A236D0500805670 /* SceneDelegate.swift */,
				A0D9B4DD2A23744B00805670 /* ViewController.swift */,
				A0AA3AD82A2504DE00BAD7B2 /* IMFetchTokenTask.swift */,
				A0AA3ADA2A2506B000BAD7B2 /* IMCreateDirectChatTask.swift */,
			);
			path = IMKitWebchatDemoApp;
			sourceTree = "<group>";
		};
		A0D9B4CD2A22FBF800805670 /* Preview Content */ = {
			isa = PBXGroup;
			children = (
				A0D9B4CE2A22FBF800805670 /* Preview Assets.xcassets */,
			);
			path = "Preview Content";
			sourceTree = "<group>";
		};
/* End PBXGroup section */

/* Begin PBXNativeTarget section */
		A0D9B4C22A22FBF700805670 /* IMKitWebchatDemoApp */ = {
			isa = PBXNativeTarget;
			buildConfigurationList = A0D9B4D22A22FBF800805670 /* Build configuration list for PBXNativeTarget "IMKitWebchatDemoApp" */;
			buildPhases = (
				A0D9B4BF2A22FBF700805670 /* Sources */,
				A0D9B4C02A22FBF700805670 /* Frameworks */,
				A0D9B4C12A22FBF700805670 /* Resources */,
			);
			buildRules = (
			);
			dependencies = (
			);
			name = IMKitWebchatDemoApp;
			packageProductDependencies = (
				A0AA3ADD2A25B04300BAD7B2 /* LoremSwiftum */,
			);
			productName = IMKitWebchatDemoApp;
			productReference = A0D9B4C32A22FBF700805670 /* IMKitWebchatDemoApp.app */;
			productType = "com.apple.product-type.application";
		};
/* End PBXNativeTarget section */

/* Begin PBXProject section */
		A0D9B4BB2A22FBF700805670 /* Project object */ = {
			isa = PBXProject;
			attributes = {
				BuildIndependentTargetsInParallel = 1;
				LastSwiftUpdateCheck = 1430;
				LastUpgradeCheck = 1430;
				TargetAttributes = {
					A0D9B4C22A22FBF700805670 = {
						CreatedOnToolsVersion = 14.3;
					};
				};
			};
			buildConfigurationList = A0D9B4BE2A22FBF700805670 /* Build configuration list for PBXProject "IMKitWebchatDemoApp" */;
			compatibilityVersion = "Xcode 14.0";
			developmentRegion = en;
			hasScannedForEncodings = 0;
			knownRegions = (
				en,
				Base,
			);
			mainGroup = A0D9B4BA2A22FBF700805670;
			packageReferences = (
				A0AA3ADC2A25B04300BAD7B2 /* XCRemoteSwiftPackageReference "LoremSwiftum" */,
			);
			productRefGroup = A0D9B4C42A22FBF700805670 /* Products */;
			projectDirPath = "";
			projectRoot = "";
			targets = (
				A0D9B4C22A22FBF700805670 /* IMKitWebchatDemoApp */,
			);
		};
/* End PBXProject section */

/* Begin PBXResourcesBuildPhase section */
		A0D9B4C12A22FBF700805670 /* Resources */ = {
			isa = PBXResourcesBuildPhase;
			buildActionMask = 2147483647;
			files = (
				A0D9B4CF2A22FBF800805670 /* Preview Assets.xcassets in Resources */,
				A0D9B4CB2A22FBF800805670 /* Assets.xcassets in Resources */,
			);
			runOnlyForDeploymentPostprocessing = 0;
		};
/* End PBXResourcesBuildPhase section */

/* Begin PBXSourcesBuildPhase section */
		A0D9B4BF2A22FBF700805670 /* Sources */ = {
			isa = PBXSourcesBuildPhase;
			buildActionMask = 2147483647;
			files = (
				A0D9B4DE2A23744B00805670 /* ViewController.swift in Sources */,
				A0AA3AD92A2504DE00BAD7B2 /* IMFetchTokenTask.swift in Sources */,
				A0D9B4DC2A236D0500805670 /* SceneDelegate.swift in Sources */,
				A0D9B4D82A236BF600805670 /* AppDelegate.swift in Sources */,
				A0D9B4C92A22FBF700805670 /* ContentView.swift in Sources */,
				A0D9B4C72A22FBF700805670 /* IMKitWebchatDemoAppApp.swift in Sources */,
				A0D9B4DA2A236C3100805670 /* WebViewController.swift in Sources */,
				A0AA3ADB2A2506B000BAD7B2 /* IMCreateDirectChatTask.swift in Sources */,
			);
			runOnlyForDeploymentPostprocessing = 0;
		};
/* End PBXSourcesBuildPhase section */

/* Begin XCBuildConfiguration section */
		A0D9B4D02A22FBF800805670 /* Debug */ = {
			isa = XCBuildConfiguration;
			buildSettings = {
				ALWAYS_SEARCH_USER_PATHS = NO;
				CLANG_ANALYZER_NONNULL = YES;
				CLANG_ANALYZER_NUMBER_OBJECT_CONVERSION = YES_AGGRESSIVE;
				CLANG_CXX_LANGUAGE_STANDARD = "gnu++20";
				CLANG_ENABLE_MODULES = YES;
				CLANG_ENABLE_OBJC_ARC = YES;
				CLANG_ENABLE_OBJC_WEAK = YES;
				CLANG_WARN_BLOCK_CAPTURE_AUTORELEASING = YES;
				CLANG_WARN_BOOL_CONVERSION = YES;
				CLANG_WARN_COMMA = YES;
				CLANG_WARN_CONSTANT_CONVERSION = YES;
				CLANG_WARN_DEPRECATED_OBJC_IMPLEMENTATIONS = YES;
				CLANG_WARN_DIRECT_OBJC_ISA_USAGE = YES_ERROR;
				CLANG_WARN_DOCUMENTATION_COMMENTS = YES;
				CLANG_WARN_EMPTY_BODY = YES;
				CLANG_WARN_ENUM_CONVERSION = YES;
				CLANG_WARN_INFINITE_RECURSION = YES;
				CLANG_WARN_INT_CONVERSION = YES;
				CLANG_WARN_NON_LITERAL_NULL_CONVERSION = YES;
				CLANG_WARN_OBJC_IMPLICIT_RETAIN_SELF = YES;
				CLANG_WARN_OBJC_LITERAL_CONVERSION = YES;
				CLANG_WARN_OBJC_ROOT_CLASS = YES_ERROR;
				CLANG_WARN_QUOTED_INCLUDE_IN_FRAMEWORK_HEADER = YES;
				CLANG_WARN_RANGE_LOOP_ANALYSIS = YES;
				CLANG_WARN_STRICT_PROTOTYPES = YES;
				CLANG_WARN_SUSPICIOUS_MOVE = YES;
				CLANG_WARN_UNGUARDED_AVAILABILITY = YES_AGGRESSIVE;
				CLANG_WARN_UNREACHABLE_CODE = YES;
				CLANG_WARN__DUPLICATE_METHOD_MATCH = YES;
				COPY_PHASE_STRIP = NO;
				DEBUG_INFORMATION_FORMAT = dwarf;
				ENABLE_STRICT_OBJC_MSGSEND = YES;
				ENABLE_TESTABILITY = YES;
				GCC_C_LANGUAGE_STANDARD = gnu11;
				GCC_DYNAMIC_NO_PIC = NO;
				GCC_NO_COMMON_BLOCKS = YES;
				GCC_OPTIMIZATION_LEVEL = 0;
				GCC_PREPROCESSOR_DEFINITIONS = (
					"DEBUG=1",
					"$(inherited)",
				);
				GCC_WARN_64_TO_32_BIT_CONVERSION = YES;
				GCC_WARN_ABOUT_RETURN_TYPE = YES_ERROR;
				GCC_WARN_UNDECLARED_SELECTOR = YES;
				GCC_WARN_UNINITIALIZED_AUTOS = YES_AGGRESSIVE;
				GCC_WARN_UNUSED_FUNCTION = YES;
				GCC_WARN_UNUSED_VARIABLE = YES;
				MTL_ENABLE_DEBUG_INFO = INCLUDE_SOURCE;
				MTL_FAST_MATH = YES;
				ONLY_ACTIVE_ARCH = YES;
				SWIFT_ACTIVE_COMPILATION_CONDITIONS = DEBUG;
				SWIFT_OPTIMIZATION_LEVEL = "-Onone";
			};
			name = Debug;
		};
		A0D9B4D12A22FBF800805670 /* Release */ = {
			isa = XCBuildConfiguration;
			buildSettings = {
				ALWAYS_SEARCH_USER_PATHS = NO;
				CLANG_ANALYZER_NONNULL = YES;
				CLANG_ANALYZER_NUMBER_OBJECT_CONVERSION = YES_AGGRESSIVE;
				CLANG_CXX_LANGUAGE_STANDARD = "gnu++20";
				CLANG_ENABLE_MODULES = YES;
				CLANG_ENABLE_OBJC_ARC = YES;
				CLANG_ENABLE_OBJC_WEAK = YES;
				CLANG_WARN_BLOCK_CAPTURE_AUTORELEASING = YES;
				CLANG_WARN_BOOL_CONVERSION = YES;
				CLANG_WARN_COMMA = YES;
				CLANG_WARN_CONSTANT_CONVERSION = YES;
				CLANG_WARN_DEPRECATED_OBJC_IMPLEMENTATIONS = YES;
				CLANG_WARN_DIRECT_OBJC_ISA_USAGE = YES_ERROR;
				CLANG_WARN_DOCUMENTATION_COMMENTS = YES;
				CLANG_WARN_EMPTY_BODY = YES;
				CLANG_WARN_ENUM_CONVERSION = YES;
				CLANG_WARN_INFINITE_RECURSION = YES;
				CLANG_WARN_INT_CONVERSION = YES;
				CLANG_WARN_NON_LITERAL_NULL_CONVERSION = YES;
				CLANG_WARN_OBJC_IMPLICIT_RETAIN_SELF = YES;
				CLANG_WARN_OBJC_LITERAL_CONVERSION = YES;
				CLANG_WARN_OBJC_ROOT_CLASS = YES_ERROR;
				CLANG_WARN_QUOTED_INCLUDE_IN_FRAMEWORK_HEADER = YES;
				CLANG_WARN_RANGE_LOOP_ANALYSIS = YES;
				CLANG_WARN_STRICT_PROTOTYPES = YES;
				CLANG_WARN_SUSPICIOUS_MOVE = YES;
				CLANG_WARN_UNGUARDED_AVAILABILITY = YES_AGGRESSIVE;
				CLANG_WARN_UNREACHABLE_CODE = YES;
				CLANG_WARN__DUPLICATE_METHOD_MATCH = YES;
				COPY_PHASE_STRIP = NO;
				DEBUG_INFORMATION_FORMAT = "dwarf-with-dsym";
				ENABLE_NS_ASSERTIONS = NO;
				ENABLE_STRICT_OBJC_MSGSEND = YES;
				GCC_C_LANGUAGE_STANDARD = gnu11;
				GCC_NO_COMMON_BLOCKS = YES;
				GCC_WARN_64_TO_32_BIT_CONVERSION = YES;
				GCC_WARN_ABOUT_RETURN_TYPE = YES_ERROR;
				GCC_WARN_UNDECLARED_SELECTOR = YES;
				GCC_WARN_UNINITIALIZED_AUTOS = YES_AGGRESSIVE;
				GCC_WARN_UNUSED_FUNCTION = YES;
				GCC_WARN_UNUSED_VARIABLE = YES;
				MTL_ENABLE_DEBUG_INFO = NO;
				MTL_FAST_MATH = YES;
				SWIFT_COMPILATION_MODE = wholemodule;
				SWIFT_OPTIMIZATION_LEVEL = "-O";
			};
			name = Release;
		};
		A0D9B4D32A22FBF800805670 /* Debug */ = {
			isa = XCBuildConfiguration;
			buildSettings = {
				ASSETCATALOG_COMPILER_APPICON_NAME = AppIcon;
				ASSETCATALOG_COMPILER_GLOBAL_ACCENT_COLOR_NAME = AccentColor;
				CODE_SIGN_ENTITLEMENTS = IMKitWebchatDemoApp/IMKitWebchatDemoApp.entitlements;
				CODE_SIGN_STYLE = Automatic;
				CURRENT_PROJECT_VERSION = 1;
				DEVELOPMENT_ASSET_PATHS = "\"IMKitWebchatDemoApp/Preview Content\"";
				DEVELOPMENT_TEAM = AF94M5UF46;
				ENABLE_HARDENED_RUNTIME = YES;
				ENABLE_PREVIEWS = YES;
				GENERATE_INFOPLIST_FILE = YES;
				"INFOPLIST_KEY_UIApplicationSceneManifest_Generation[sdk=iphoneos*]" = YES;
				"INFOPLIST_KEY_UIApplicationSceneManifest_Generation[sdk=iphonesimulator*]" = YES;
				"INFOPLIST_KEY_UIApplicationSupportsIndirectInputEvents[sdk=iphoneos*]" = YES;
				"INFOPLIST_KEY_UIApplicationSupportsIndirectInputEvents[sdk=iphonesimulator*]" = YES;
				"INFOPLIST_KEY_UILaunchScreen_Generation[sdk=iphoneos*]" = YES;
				"INFOPLIST_KEY_UILaunchScreen_Generation[sdk=iphonesimulator*]" = YES;
				"INFOPLIST_KEY_UIStatusBarStyle[sdk=iphoneos*]" = UIStatusBarStyleDefault;
				"INFOPLIST_KEY_UIStatusBarStyle[sdk=iphonesimulator*]" = UIStatusBarStyleDefault;
				INFOPLIST_KEY_UISupportedInterfaceOrientations_iPad = "UIInterfaceOrientationPortrait UIInterfaceOrientationPortraitUpsideDown UIInterfaceOrientationLandscapeLeft UIInterfaceOrientationLandscapeRight";
				INFOPLIST_KEY_UISupportedInterfaceOrientations_iPhone = "UIInterfaceOrientationPortrait UIInterfaceOrientationLandscapeLeft UIInterfaceOrientationLandscapeRight";
				IPHONEOS_DEPLOYMENT_TARGET = 16.4;
				LD_RUNPATH_SEARCH_PATHS = "@executable_path/Frameworks";
				"LD_RUNPATH_SEARCH_PATHS[sdk=macosx*]" = "@executable_path/../Frameworks";
				MACOSX_DEPLOYMENT_TARGET = 13.3;
				MARKETING_VERSION = 1.0;
				PRODUCT_BUNDLE_IDENTIFIER = funtek.co.IMKitWebchatDemoApp;
				PRODUCT_NAME = "$(TARGET_NAME)";
				SDKROOT = auto;
				SUPPORTED_PLATFORMS = "iphoneos iphonesimulator macosx";
				SWIFT_EMIT_LOC_STRINGS = YES;
				SWIFT_VERSION = 5.0;
				TARGETED_DEVICE_FAMILY = "1,2";
			};
			name = Debug;
		};
		A0D9B4D42A22FBF800805670 /* Release */ = {
			isa = XCBuildConfiguration;
			buildSettings = {
				ASSETCATALOG_COMPILER_APPICON_NAME = AppIcon;
				ASSETCATALOG_COMPILER_GLOBAL_ACCENT_COLOR_NAME = AccentColor;
				CODE_SIGN_ENTITLEMENTS = IMKitWebchatDemoApp/IMKitWebchatDemoApp.entitlements;
				CODE_SIGN_STYLE = Automatic;
				CURRENT_PROJECT_VERSION = 1;
				DEVELOPMENT_ASSET_PATHS = "\"IMKitWebchatDemoApp/Preview Content\"";
				DEVELOPMENT_TEAM = AF94M5UF46;
				ENABLE_HARDENED_RUNTIME = YES;
				ENABLE_PREVIEWS = YES;
				GENERATE_INFOPLIST_FILE = YES;
				"INFOPLIST_KEY_UIApplicationSceneManifest_Generation[sdk=iphoneos*]" = YES;
				"INFOPLIST_KEY_UIApplicationSceneManifest_Generation[sdk=iphonesimulator*]" = YES;
				"INFOPLIST_KEY_UIApplicationSupportsIndirectInputEvents[sdk=iphoneos*]" = YES;
				"INFOPLIST_KEY_UIApplicationSupportsIndirectInputEvents[sdk=iphonesimulator*]" = YES;
				"INFOPLIST_KEY_UILaunchScreen_Generation[sdk=iphoneos*]" = YES;
				"INFOPLIST_KEY_UILaunchScreen_Generation[sdk=iphonesimulator*]" = YES;
				"INFOPLIST_KEY_UIStatusBarStyle[sdk=iphoneos*]" = UIStatusBarStyleDefault;
				"INFOPLIST_KEY_UIStatusBarStyle[sdk=iphonesimulator*]" = UIStatusBarStyleDefault;
				INFOPLIST_KEY_UISupportedInterfaceOrientations_iPad = "UIInterfaceOrientationPortrait UIInterfaceOrientationPortraitUpsideDown UIInterfaceOrientationLandscapeLeft UIInterfaceOrientationLandscapeRight";
				INFOPLIST_KEY_UISupportedInterfaceOrientations_iPhone = "UIInterfaceOrientationPortrait UIInterfaceOrientationLandscapeLeft UIInterfaceOrientationLandscapeRight";
				IPHONEOS_DEPLOYMENT_TARGET = 16.4;
				LD_RUNPATH_SEARCH_PATHS = "@executable_path/Frameworks";
				"LD_RUNPATH_SEARCH_PATHS[sdk=macosx*]" = "@executable_path/../Frameworks";
				MACOSX_DEPLOYMENT_TARGET = 13.3;
				MARKETING_VERSION = 1.0;
				PRODUCT_BUNDLE_IDENTIFIER = funtek.co.IMKitWebchatDemoApp;
				PRODUCT_NAME = "$(TARGET_NAME)";
				SDKROOT = auto;
				SUPPORTED_PLATFORMS = "iphoneos iphonesimulator macosx";
				SWIFT_EMIT_LOC_STRINGS = YES;
				SWIFT_VERSION = 5.0;
				TARGETED_DEVICE_FAMILY = "1,2";
			};
			name = Release;
		};
/* End XCBuildConfiguration section */

/* Begin XCConfigurationList section */
		A0D9B4BE2A22FBF700805670 /* Build configuration list for PBXProject "IMKitWebchatDemoApp" */ = {
			isa = XCConfigurationList;
			buildConfigurations = (
				A0D9B4D02A22FBF800805670 /* Debug */,
				A0D9B4D12A22FBF800805670 /* Release */,
			);
			defaultConfigurationIsVisible = 0;
			defaultConfigurationName = Release;
		};
		A0D9B4D22A22FBF800805670 /* Build configuration list for PBXNativeTarget "IMKitWebchatDemoApp" */ = {
			isa = XCConfigurationList;
			buildConfigurations = (
				A0D9B4D32A22FBF800805670 /* Debug */,
				A0D9B4D42A22FBF800805670 /* Release */,
			);
			defaultConfigurationIsVisible = 0;
			defaultConfigurationName = Release;
		};
/* End XCConfigurationList section */

/* Begin XCRemoteSwiftPackageReference section */
		A0AA3ADC2A25B04300BAD7B2 /* XCRemoteSwiftPackageReference "LoremSwiftum" */ = {
			isa = XCRemoteSwiftPackageReference;
			repositoryURL = "https://github.com/lukaskubanek/LoremSwiftum.git";
			requirement = {
				branch = master;
				kind = branch;
			};
		};
/* End XCRemoteSwiftPackageReference section */

/* Begin XCSwiftPackageProductDependency section */
		A0AA3ADD2A25B04300BAD7B2 /* LoremSwiftum */ = {
			isa = XCSwiftPackageProductDependency;
			package = A0AA3ADC2A25B04300BAD7B2 /* XCRemoteSwiftPackageReference "LoremSwiftum" */;
			productName = LoremSwiftum;
		};
/* End XCSwiftPackageProductDependency section */
	};
	rootObject = A0D9B4BB2A22FBF700805670 /* Project object */;
}
